
Microsoft Visual Studio Solution File, Format Version 12.00
# Visual Studio 15
VisualStudioVersion = 15.0.27703.2000
MinimumVisualStudioVersion = 10.0.40219.1
Project("{FAE04EC0-301F-11D3-BF4B-00C04F79EFBC}") = "NhibernateLockTest", "NhibernateLockTest\NhibernateLockTest.csproj", "{66F260E0-D705-4358-8485-B5EB2848360D}"
EndProject
Global
	GlobalSection(SolutionConfigurationPlatforms) = preSolution
		Debug|Any CPU = Debug|Any CPU
		Release|Any CPU = Release|Any CPU
	EndGlobalSection
	GlobalSection(ProjectConfigurationPlatforms) = postSolution
		{66F260E0-D705-4358-8485-B5EB2848360D}.Debug|Any CPU.ActiveCfg = Debug|Any CPU
		{66F260E0-D705-4358-8485-B5EB2848360D}.Debug|Any CPU.Build.0 = Debug|Any CPU
		{66F260E0-D705-4358-8485-B5EB2848360D}.Release|Any CPU.ActiveCfg = Release|Any CPU
		{66F260E0-D705-4358-8485-B5EB2848360D}.Release|Any CPU.Build.0 = Release|Any CPU
	EndGlobalSection
	GlobalSection(SolutionProperties) = preSolution
		HideSolutionNode = FALSE
	EndGlobalSection
	GlobalSection(ExtensibilityGlobals) = postSolution
		SolutionGuid = {B700B4E0-249F-46A6-9639-93F26317F67A}
	EndGlobalSection
EndGlobal
